
Microsoft Visual Studio Solution File, Format Version 12.00
# Visual Studio Version 16
VisualStudioVersion = 16.0.30907.101
MinimumVisualStudioVersion = 10.0.40219.1
Project("{FAE04EC0-301F-11D3-BF4B-00C04F79EFBC}") = "Address_Book_API", "Address_Book_API\Address_Book_API.csproj", "{305C5E2F-1149-47CA-9BDA-6FC8E9061B75}"
EndProject
Project("{FAE04EC0-301F-11D3-BF4B-00C04F79EFBC}") = "Address_Book_API.Domain", "Address_Book_API.Domain\Address_Book_API.Domain.csproj", "{6A515701-ED5B-4EE9-B7FF-BAB499CE5900}"
EndProject
Global
	GlobalSection(SolutionConfigurationPlatforms) = preSolution
		Debug|Any CPU = Debug|Any CPU
		Release|Any CPU = Release|Any CPU
	EndGlobalSection
	GlobalSection(ProjectConfigurationPlatforms) = postSolution
		{305C5E2F-1149-47CA-9BDA-6FC8E9061B75}.Debug|Any CPU.ActiveCfg = Debug|Any CPU
		{305C5E2F-1149-47CA-9BDA-6FC8E9061B75}.Debug|Any CPU.Build.0 = Debug|Any CPU
		{305C5E2F-1149-47CA-9BDA-6FC8E9061B75}.Release|Any CPU.ActiveCfg = Release|Any CPU
		{305C5E2F-1149-47CA-9BDA-6FC8E9061B75}.Release|Any CPU.Build.0 = Release|Any CPU
		{6A515701-ED5B-4EE9-B7FF-BAB499CE5900}.Debug|Any CPU.ActiveCfg = Debug|Any CPU
		{6A515701-ED5B-4EE9-B7FF-BAB499CE5900}.Debug|Any CPU.Build.0 = Debug|Any CPU
		{6A515701-ED5B-4EE9-B7FF-BAB499CE5900}.Release|Any CPU.ActiveCfg = Release|Any CPU
		{6A515701-ED5B-4EE9-B7FF-BAB499CE5900}.Release|Any CPU.Build.0 = Release|Any CPU
	EndGlobalSection
	GlobalSection(SolutionProperties) = preSolution
		HideSolutionNode = FALSE
	EndGlobalSection
	GlobalSection(ExtensibilityGlobals) = postSolution
		SolutionGuid = {05256930-4FC4-44BC-B42D-4E0D48AE4610}
	EndGlobalSection
EndGlobal
